
Microsoft Visual Studio Solution File, Format Version 12.00
# Visual Studio Version 17
VisualStudioVersion = 17.14.36603.0
MinimumVisualStudioVersion = 10.0.40219.1
Project("{FAE04EC0-301F-11D3-BF4B-00C04F79EFBC}") = "StathopoulosK.CompositionApi.Server.Plugin", "StathopoulosK.CompositionApi.Server.Plugin.csproj", "{82B57936-1836-4D85-8063-271E1051E6FA}"
EndProject
Global
	GlobalSection(SolutionConfigurationPlatforms) = preSolution
		Debug|Any CPU = Debug|Any CPU
		Release|Any CPU = Release|Any CPU
	EndGlobalSection
	GlobalSection(ProjectConfigurationPlatforms) = postSolution
		{82B57936-1836-4D85-8063-271E1051E6FA}.Debug|Any CPU.ActiveCfg = Debug|Any CPU
		{82B57936-1836-4D85-8063-271E1051E6FA}.Debug|Any CPU.Build.0 = Debug|Any CPU
		{82B57936-1836-4D85-8063-271E1051E6FA}.Release|Any CPU.ActiveCfg = Release|Any CPU
		{82B57936-1836-4D85-8063-271E1051E6FA}.Release|Any CPU.Build.0 = Release|Any CPU
	EndGlobalSection
	GlobalSection(SolutionProperties) = preSolution
		HideSolutionNode = FALSE
	EndGlobalSection
	GlobalSection(ExtensibilityGlobals) = postSolution
		SolutionGuid = {368F18FF-B2B9-4BA3-8F19-DC833A70F3AB}
	EndGlobalSection
EndGlobal
